
Microsoft Visual Studio Solution File, Format Version 12.00
# Visual Studio Version 16
VisualStudioVersion = 16.0.30413.136
MinimumVisualStudioVersion = 10.0.40219.1
Project("{FAE04EC0-301F-11D3-BF4B-00C04F79EFBC}") = "DataTableTest", "DataTableTest\DataTableTest.csproj", "{B6AD19E9-C42E-49F9-98B3-237994BBD53C}"
EndProject
Global
	GlobalSection(SolutionConfigurationPlatforms) = preSolution
		Debug|Any CPU = Debug|Any CPU
		Release|Any CPU = Release|Any CPU
	EndGlobalSection
	GlobalSection(ProjectConfigurationPlatforms) = postSolution
		{B6AD19E9-C42E-49F9-98B3-237994BBD53C}.Debug|Any CPU.ActiveCfg = Debug|Any CPU
		{B6AD19E9-C42E-49F9-98B3-237994BBD53C}.Debug|Any CPU.Build.0 = Debug|Any CPU
		{B6AD19E9-C42E-49F9-98B3-237994BBD53C}.Release|Any CPU.ActiveCfg = Release|Any CPU
		{B6AD19E9-C42E-49F9-98B3-237994BBD53C}.Release|Any CPU.Build.0 = Release|Any CPU
	EndGlobalSection
	GlobalSection(SolutionProperties) = preSolution
		HideSolutionNode = FALSE
	EndGlobalSection
	GlobalSection(ExtensibilityGlobals) = postSolution
		SolutionGuid = {66C71724-3AD9-4B50-97C5-06571C3D5DE4}
	EndGlobalSection
EndGlobal
