
Microsoft Visual Studio Solution File, Format Version 12.00
# Visual Studio Version 16
VisualStudioVersion = 16.0.30413.136
MinimumVisualStudioVersion = 10.0.40219.1
Project("{FAE04EC0-301F-11D3-BF4B-00C04F79EFBC}") = "Testcsv", "Testcsv\Testcsv.csproj", "{29B7DFD9-E707-43A8-9D09-781A8874C6F6}"
EndProject
Global
	GlobalSection(SolutionConfigurationPlatforms) = preSolution
		Debug|Any CPU = Debug|Any CPU
		Release|Any CPU = Release|Any CPU
	EndGlobalSection
	GlobalSection(ProjectConfigurationPlatforms) = postSolution
		{29B7DFD9-E707-43A8-9D09-781A8874C6F6}.Debug|Any CPU.ActiveCfg = Debug|Any CPU
		{29B7DFD9-E707-43A8-9D09-781A8874C6F6}.Debug|Any CPU.Build.0 = Debug|Any CPU
		{29B7DFD9-E707-43A8-9D09-781A8874C6F6}.Release|Any CPU.ActiveCfg = Release|Any CPU
		{29B7DFD9-E707-43A8-9D09-781A8874C6F6}.Release|Any CPU.Build.0 = Release|Any CPU
	EndGlobalSection
	GlobalSection(SolutionProperties) = preSolution
		HideSolutionNode = FALSE
	EndGlobalSection
	GlobalSection(ExtensibilityGlobals) = postSolution
		SolutionGuid = {D5A06BC8-FCD8-40FC-A7A8-3CF17AB05BA8}
	EndGlobalSection
EndGlobal
