
Microsoft Visual Studio Solution File, Format Version 12.00
# Visual Studio Version 16
VisualStudioVersion = 16.0.30413.136
MinimumVisualStudioVersion = 10.0.40219.1
Project("{FAE04EC0-301F-11D3-BF4B-00C04F79EFBC}") = "CRUDApp_WindowsForm", "CRUDApp_WindowsForm\CRUDApp_WindowsForm.csproj", "{EDA1B1DE-2544-4C3E-84E6-4E8824ED416A}"
EndProject
Global
	GlobalSection(SolutionConfigurationPlatforms) = preSolution
		Debug|Any CPU = Debug|Any CPU
		Release|Any CPU = Release|Any CPU
	EndGlobalSection
	GlobalSection(ProjectConfigurationPlatforms) = postSolution
		{EDA1B1DE-2544-4C3E-84E6-4E8824ED416A}.Debug|Any CPU.ActiveCfg = Debug|Any CPU
		{EDA1B1DE-2544-4C3E-84E6-4E8824ED416A}.Debug|Any CPU.Build.0 = Debug|Any CPU
		{EDA1B1DE-2544-4C3E-84E6-4E8824ED416A}.Release|Any CPU.ActiveCfg = Release|Any CPU
		{EDA1B1DE-2544-4C3E-84E6-4E8824ED416A}.Release|Any CPU.Build.0 = Release|Any CPU
	EndGlobalSection
	GlobalSection(SolutionProperties) = preSolution
		HideSolutionNode = FALSE
	EndGlobalSection
	GlobalSection(ExtensibilityGlobals) = postSolution
		SolutionGuid = {9550C365-2BA6-4528-B965-AF97B1517128}
	EndGlobalSection
EndGlobal
